
Microsoft Visual Studio Solution File, Format Version 9.00
# Visual Studio 2005
Project("{8BC9CEB8-8B4A-11D0-8D11-00A0C91BC942}") = "llahdoc080620", "llahdoc080620\llahdoc080620.vcproj", "{B30C050C-73CA-4F8E-8809-8F71892DAD7B}"
EndProject
Global
	GlobalSection(SolutionConfigurationPlatforms) = preSolution
		Debug|Win32 = Debug|Win32
		Release|Win32 = Release|Win32
	EndGlobalSection
	GlobalSection(ProjectConfigurationPlatforms) = postSolution
		{B30C050C-73CA-4F8E-8809-8F71892DAD7B}.Debug|Win32.ActiveCfg = Debug|Win32
		{B30C050C-73CA-4F8E-8809-8F71892DAD7B}.Debug|Win32.Build.0 = Debug|Win32
		{B30C050C-73CA-4F8E-8809-8F71892DAD7B}.Release|Win32.ActiveCfg = Release|Win32
		{B30C050C-73CA-4F8E-8809-8F71892DAD7B}.Release|Win32.Build.0 = Release|Win32
	EndGlobalSection
	GlobalSection(SolutionProperties) = preSolution
		HideSolutionNode = FALSE
	EndGlobalSection
EndGlobal
