
Microsoft Visual Studio Solution File, Format Version 9.00
# Visual Studio 2005
Project("{8BC9CEB8-8B4A-11D0-8D11-00A0C91BC942}") = "llahdoc", "llahdoc\llahdoc.vcproj", "{C0C85A63-8905-4EC4-A452-BA1C6ED53EAC}"
EndProject
Global
	GlobalSection(SolutionConfigurationPlatforms) = preSolution
		Debug|Win32 = Debug|Win32
		Release|Win32 = Release|Win32
	EndGlobalSection
	GlobalSection(ProjectConfigurationPlatforms) = postSolution
		{C0C85A63-8905-4EC4-A452-BA1C6ED53EAC}.Debug|Win32.ActiveCfg = Debug|Win32
		{C0C85A63-8905-4EC4-A452-BA1C6ED53EAC}.Debug|Win32.Build.0 = Debug|Win32
		{C0C85A63-8905-4EC4-A452-BA1C6ED53EAC}.Release|Win32.ActiveCfg = Release|Win32
		{C0C85A63-8905-4EC4-A452-BA1C6ED53EAC}.Release|Win32.Build.0 = Release|Win32
	EndGlobalSection
	GlobalSection(SolutionProperties) = preSolution
		HideSolutionNode = FALSE
	EndGlobalSection
EndGlobal
